<?xml version="1.0" encoding="utf-8"?>
<Project ToolsVersion="4.0" xmlns="http://schemas.microsoft.com/developer/msbuild/2003">
  <ItemGroup>
    <Filter Include="src">
      <UniqueIdentifier>{77874e8c-c70d-4d13-a203-2f127fea4874}</UniqueIdentifier>
    </Filter>
    <Filter Include="src\sm">
      <UniqueIdentifier>{d04ee074-f760-4b1d-8113-ca66840e1a99}</UniqueIdentifier>
    </Filter>
    <Filter Include="src\third_party">
      <UniqueIdentifier>{b26b8149-cdd3-45ea-8641-afd66beb4ad5}</UniqueIdentifier>
    </Filter>
    <Filter Include="src\third_party\dxc">
      <UniqueIdentifier>{36fd5a47-4556-4f1c-b8ab-4ed98ba166b3}</UniqueIdentifier>
    </Filter>
    <Filter Include="src\third_party\imgui">
      <UniqueIdentifier>{ae367a66-6561-41de-ab67-123515b95c26}</UniqueIdentifier>
    </Filter>
    <Filter Include="src\third_party\stb">
      <UniqueIdentifier>{5f6ed036-993a-4ec6-a438-bbf460b7c3cc}</UniqueIdentifier>
    </Filter>
    <Filter Include="src\third_party\tinyobjloader">
      <UniqueIdentifier>{85da2269-abb4-4760-8726-ad23b0113caa}</UniqueIdentifier>
    </Filter>
    <Filter Include="src\third_party\vulkan">
      <UniqueIdentifier>{fa6ac280-b750-49a3-8af4-422ab590ac83}</UniqueIdentifier>
    </Filter>
    <Filter Include="src\third_party\imgui\vulkan">
      <UniqueIdentifier>{67899d9e-31c4-49c2-b5f7-d7263b031cba}</UniqueIdentifier>
    </Filter>
    <Filter Include="src\third_party\vulkan\utility">
      <UniqueIdentifier>{6ba4ee89-8f85-452d-a452-f2b7250484fd}</UniqueIdentifier>
    </Filter>
    <Filter Include="src\third_party\vulkan\vk_video">
      <UniqueIdentifier>{6c59264a-3bbb-4197-9dd0-5a359d546e02}</UniqueIdentifier>
    </Filter>
    <Filter Include="src\sm\core">
      <UniqueIdentifier>{116306c3-4584-43c9-80bf-76ad390c7d6d}</UniqueIdentifier>
    </Filter>
    <Filter Include="src\sm\memory">
      <UniqueIdentifier>{44feb134-ed71-4451-bdcd-9c22e7c0ffd3}</UniqueIdentifier>
    </Filter>
    <Filter Include="src\sm\render">
      <UniqueIdentifier>{340cb731-5beb-4d55-9de7-02fc25190aa0}</UniqueIdentifier>
    </Filter>
    <Filter Include="src\sm\io">
      <UniqueIdentifier>{13ba735c-f627-4c74-8b31-b6258c37a57a}</UniqueIdentifier>
    </Filter>
    <Filter Include="src\sm\math">
      <UniqueIdentifier>{27a4c66f-1286-462a-8ec0-4170ca72e56b}</UniqueIdentifier>
    </Filter>
    <Filter Include="src\sm\platform">
      <UniqueIdentifier>{4e23b6d2-0d7f-43e8-ba19-9ded377d74fd}</UniqueIdentifier>
    </Filter>
    <Filter Include="src\sm\platform\win32">
      <UniqueIdentifier>{88985001-04b0-4425-8cc8-5e2a4d804e6a}</UniqueIdentifier>
    </Filter>
    <Filter Include="src\sm\platform\win32\core">
      <UniqueIdentifier>{506c06d5-53de-403a-84b9-1456db3a7f57}</UniqueIdentifier>
    </Filter>
    <Filter Include="src\sm\platform\win32\render">
      <UniqueIdentifier>{ecbe822e-e576-410b-aba9-85d1c34607bd}</UniqueIdentifier>
    </Filter>
    <Filter Include="src\sm\thread">
      <UniqueIdentifier>{52da17cb-dacd-4daa-9fd8-fd88c62eaae9}</UniqueIdentifier>
    </Filter>
    <Filter Include="src\sm\platform\win32\thread">
      <UniqueIdentifier>{ba7f5ed3-de3c-40ba-9b8e-a12090b8f48b}</UniqueIdentifier>
    </Filter>
    <Filter Include="src\sm\platform\win32\io">
      <UniqueIdentifier>{16c62011-f545-48da-89a1-d885dd1fe572}</UniqueIdentifier>
    </Filter>
  </ItemGroup>
  <ItemGroup>
    <ClCompile Include="src\third_party\imgui\imgui.cpp">
      <Filter>src\third_party\imgui</Filter>
    </ClCompile>
    <ClCompile Include="src\third_party\imgui\imgui_demo.cpp">
      <Filter>src\third_party\imgui</Filter>
    </ClCompile>
    <ClCompile Include="src\third_party\imgui\imgui_draw.cpp">
      <Filter>src\third_party\imgui</Filter>
    </ClCompile>
    <ClCompile Include="src\third_party\imgui\imgui_tables.cpp">
      <Filter>src\third_party\imgui</Filter>
    </ClCompile>
    <ClCompile Include="src\third_party\imgui\imgui_widgets.cpp">
      <Filter>src\third_party\imgui</Filter>
    </ClCompile>
    <ClCompile Include="src\sm\memory\arena.cpp">
      <Filter>src\sm\memory</Filter>
    </ClCompile>
    <ClCompile Include="src\sm\platform\win32\core\win32_assert.cpp">
      <Filter>src\sm\platform\win32\core</Filter>
    </ClCompile>
    <ClCompile Include="src\sm\platform\win32\core\win32_debug.cpp">
      <Filter>src\sm\platform\win32\core</Filter>
    </ClCompile>
    <ClCompile Include="src\sm\core\string.cpp">
      <Filter>src\sm\core</Filter>
    </ClCompile>
    <ClCompile Include="src\sm\platform\win32\core\win32_time.cpp">
      <Filter>src\sm\platform\win32\core</Filter>
    </ClCompile>
    <ClCompile Include="src\sm\platform\win32\thread\win32_thread.cpp">
      <Filter>src\sm\platform\win32\thread</Filter>
    </ClCompile>
    <ClCompile Include="src\sm\platform\win32\render\win32_window.cpp">
      <Filter>src\sm\platform\win32\render</Filter>
    </ClCompile>
    <ClCompile Include="src\sm\platform\win32\io\win32_file.cpp">
      <Filter>src\sm\platform\win32\io</Filter>
    </ClCompile>
    <ClCompile Include="src\sm\core\hash.cpp">
      <Filter>src\sm\core</Filter>
    </ClCompile>
    <ClCompile Include="src\sm\core\random.cpp">
      <Filter>src\sm\core</Filter>
    </ClCompile>
    <ClCompile Include="src\sm\io\input.cpp">
      <Filter>src\sm\io</Filter>
    </ClCompile>
    <ClCompile Include="src\sm\math\helpers.cpp">
      <Filter>src\sm\math</Filter>
    </ClCompile>
    <ClCompile Include="src\sm\core\color.cpp">
      <Filter>src\sm\core</Filter>
    </ClCompile>
    <ClCompile Include="src\sm\math\vec2.cpp">
      <Filter>src\sm\math</Filter>
    </ClCompile>
    <ClCompile Include="src\sm\math\vec3.cpp">
      <Filter>src\sm\math</Filter>
    </ClCompile>
    <ClCompile Include="src\sm\math\vec4.cpp">
      <Filter>src\sm\math</Filter>
    </ClCompile>
    <ClCompile Include="src\sm\math\ivec2.cpp">
      <Filter>src\sm\math</Filter>
    </ClCompile>
    <ClCompile Include="src\sm\math\mat44.cpp">
      <Filter>src\sm\math</Filter>
    </ClCompile>
    <ClCompile Include="src\sm\math\mat33.cpp">
      <Filter>src\sm\math</Filter>
    </ClCompile>
    <ClCompile Include="src\sm\platform\win32\io\win32_input.cpp">
      <Filter>src\sm\platform\win32\io</Filter>
    </ClCompile>
    <ClCompile Include="src\sm\render\vk_renderer.cpp">
      <Filter>src\sm\render</Filter>
    </ClCompile>
    <ClCompile Include="src\sm\platform\win32\render\win32_vk_functions.cpp">
      <Filter>src\sm\platform\win32\render</Filter>
    </ClCompile>
    <ClCompile Include="src\sm\render\mesh.cpp">
      <Filter>src\sm\render</Filter>
    </ClCompile>
    <ClCompile Include="src\sm\platform\win32\render\win32_shader_compiler.cpp">
      <Filter>src\sm\platform\win32\render</Filter>
    </ClCompile>
    <ClCompile Include="src\sm\render\camera.cpp">
      <Filter>src\sm\render</Filter>
    </ClCompile>
    <ClCompile Include="src\sm\render\window.cpp">
      <Filter>src\sm\render</Filter>
    </ClCompile>
    <ClCompile Include="src\sm\render\ui.cpp">
      <Filter>src\sm\render</Filter>
    </ClCompile>
    <ClCompile Include="src\third_party\imgui\imgui_impl_vulkan.cpp">
      <Filter>src\third_party\imgui</Filter>
    </ClCompile>
    <ClCompile Include="src\third_party\imgui\imgui_impl_win32.cpp">
      <Filter>src\third_party\imgui</Filter>
    </ClCompile>
    <ClCompile Include="src\sm\app.cpp">
      <Filter>src\sm</Filter>
    </ClCompile>
    <ClCompile Include="src\sm\platform\win32\win32_main.cpp">
      <Filter>src\sm\platform\win32</Filter>
    </ClCompile>
  </ItemGroup>
  <ItemGroup>
    <ClInclude Include="src\third_party\dxc\dxcapi.h">
      <Filter>src\third_party\dxc</Filter>
    </ClInclude>
    <ClInclude Include="src\third_party\dxc\WinAdapter.h">
      <Filter>src\third_party\dxc</Filter>
    </ClInclude>
    <ClInclude Include="src\third_party\imgui\imconfig.h">
      <Filter>src\third_party\imgui</Filter>
    </ClInclude>
    <ClInclude Include="src\third_party\imgui\imgui.h">
      <Filter>src\third_party\imgui</Filter>
    </ClInclude>
    <ClInclude Include="src\third_party\imgui\imgui_internal.h">
      <Filter>src\third_party\imgui</Filter>
    </ClInclude>
    <ClInclude Include="src\third_party\imgui\imstb_rectpack.h">
      <Filter>src\third_party\imgui</Filter>
    </ClInclude>
    <ClInclude Include="src\third_party\imgui\imstb_textedit.h">
      <Filter>src\third_party\imgui</Filter>
    </ClInclude>
    <ClInclude Include="src\third_party\imgui\imstb_truetype.h">
      <Filter>src\third_party\imgui</Filter>
    </ClInclude>
    <ClInclude Include="src\third_party\vulkan\vk_enum_string_helper.h">
      <Filter>src\third_party\vulkan</Filter>
    </ClInclude>
    <ClInclude Include="src\third_party\vulkan\vk_icd.h">
      <Filter>src\third_party\vulkan</Filter>
    </ClInclude>
    <ClInclude Include="src\third_party\vulkan\vk_layer.h">
      <Filter>src\third_party\vulkan</Filter>
    </ClInclude>
    <ClInclude Include="src\third_party\vulkan\vk_platform.h">
      <Filter>src\third_party\vulkan</Filter>
    </ClInclude>
    <ClInclude Include="src\third_party\vulkan\vulkan.h">
      <Filter>src\third_party\vulkan</Filter>
    </ClInclude>
    <ClInclude Include="src\third_party\vulkan\vulkan.hpp">
      <Filter>src\third_party\vulkan</Filter>
    </ClInclude>
    <ClInclude Include="src\third_party\vulkan\vulkan_android.h">
      <Filter>src\third_party\vulkan</Filter>
    </ClInclude>
    <ClInclude Include="src\third_party\vulkan\vulkan_beta.h">
      <Filter>src\third_party\vulkan</Filter>
    </ClInclude>
    <ClInclude Include="src\third_party\vulkan\vulkan_core.h">
      <Filter>src\third_party\vulkan</Filter>
    </ClInclude>
    <ClInclude Include="src\third_party\vulkan\vulkan_directfb.h">
      <Filter>src\third_party\vulkan</Filter>
    </ClInclude>
    <ClInclude Include="src\third_party\vulkan\vulkan_enums.hpp">
      <Filter>src\third_party\vulkan</Filter>
    </ClInclude>
    <ClInclude Include="src\third_party\vulkan\vulkan_extension_inspection.hpp">
      <Filter>src\third_party\vulkan</Filter>
    </ClInclude>
    <ClInclude Include="src\third_party\vulkan\vulkan_format_traits.hpp">
      <Filter>src\third_party\vulkan</Filter>
    </ClInclude>
    <ClInclude Include="src\third_party\vulkan\vulkan_fuchsia.h">
      <Filter>src\third_party\vulkan</Filter>
    </ClInclude>
    <ClInclude Include="src\third_party\vulkan\vulkan_funcs.hpp">
      <Filter>src\third_party\vulkan</Filter>
    </ClInclude>
    <ClInclude Include="src\third_party\vulkan\vulkan_ggp.h">
      <Filter>src\third_party\vulkan</Filter>
    </ClInclude>
    <ClInclude Include="src\third_party\vulkan\vulkan_handles.hpp">
      <Filter>src\third_party\vulkan</Filter>
    </ClInclude>
    <ClInclude Include="src\third_party\vulkan\vulkan_hash.hpp">
      <Filter>src\third_party\vulkan</Filter>
    </ClInclude>
    <ClInclude Include="src\third_party\vulkan\vulkan_hpp_macros.hpp">
      <Filter>src\third_party\vulkan</Filter>
    </ClInclude>
    <ClInclude Include="src\third_party\vulkan\vulkan_ios.h">
      <Filter>src\third_party\vulkan</Filter>
    </ClInclude>
    <ClInclude Include="src\third_party\vulkan\vulkan_macos.h">
      <Filter>src\third_party\vulkan</Filter>
    </ClInclude>
    <ClInclude Include="src\third_party\vulkan\vulkan_metal.h">
      <Filter>src\third_party\vulkan</Filter>
    </ClInclude>
    <ClInclude Include="src\third_party\vulkan\vulkan_profiles.hpp">
      <Filter>src\third_party\vulkan</Filter>
    </ClInclude>
    <ClInclude Include="src\third_party\vulkan\vulkan_raii.hpp">
      <Filter>src\third_party\vulkan</Filter>
    </ClInclude>
    <ClInclude Include="src\third_party\vulkan\vulkan_screen.h">
      <Filter>src\third_party\vulkan</Filter>
    </ClInclude>
    <ClInclude Include="src\third_party\vulkan\vulkan_shared.hpp">
      <Filter>src\third_party\vulkan</Filter>
    </ClInclude>
    <ClInclude Include="src\third_party\vulkan\vulkan_static_assertions.hpp">
      <Filter>src\third_party\vulkan</Filter>
    </ClInclude>
    <ClInclude Include="src\third_party\vulkan\vulkan_structs.hpp">
      <Filter>src\third_party\vulkan</Filter>
    </ClInclude>
    <ClInclude Include="src\third_party\vulkan\vulkan_to_string.hpp">
      <Filter>src\third_party\vulkan</Filter>
    </ClInclude>
    <ClInclude Include="src\third_party\vulkan\vulkan_vi.h">
      <Filter>src\third_party\vulkan</Filter>
    </ClInclude>
    <ClInclude Include="src\third_party\vulkan\vulkan_video.hpp">
      <Filter>src\third_party\vulkan</Filter>
    </ClInclude>
    <ClInclude Include="src\third_party\vulkan\vulkan_wayland.h">
      <Filter>src\third_party\vulkan</Filter>
    </ClInclude>
    <ClInclude Include="src\third_party\vulkan\vulkan_win32.h">
      <Filter>src\third_party\vulkan</Filter>
    </ClInclude>
    <ClInclude Include="src\third_party\vulkan\vulkan_xcb.h">
      <Filter>src\third_party\vulkan</Filter>
    </ClInclude>
    <ClInclude Include="src\third_party\vulkan\vulkan_xlib.h">
      <Filter>src\third_party\vulkan</Filter>
    </ClInclude>
    <ClInclude Include="src\third_party\vulkan\vulkan_xlib_xrandr.h">
      <Filter>src\third_party\vulkan</Filter>
    </ClInclude>
    <ClInclude Include="src\third_party\vulkan\utility\vk_format_utils.h">
      <Filter>src\third_party\vulkan\utility</Filter>
    </ClInclude>
    <ClInclude Include="src\third_party\vulkan\vk_video\vulkan_video_codec_h264std.h">
      <Filter>src\third_party\vulkan\vk_video</Filter>
    </ClInclude>
    <ClInclude Include="src\third_party\vulkan\vk_video\vulkan_video_codec_h264std_decode.h">
      <Filter>src\third_party\vulkan\vk_video</Filter>
    </ClInclude>
    <ClInclude Include="src\third_party\vulkan\vk_video\vulkan_video_codec_h264std_encode.h">
      <Filter>src\third_party\vulkan\vk_video</Filter>
    </ClInclude>
    <ClInclude Include="src\third_party\vulkan\vk_video\vulkan_video_codec_h265std.h">
      <Filter>src\third_party\vulkan\vk_video</Filter>
    </ClInclude>
    <ClInclude Include="src\third_party\vulkan\vk_video\vulkan_video_codec_h265std_decode.h">
      <Filter>src\third_party\vulkan\vk_video</Filter>
    </ClInclude>
    <ClInclude Include="src\third_party\vulkan\vk_video\vulkan_video_codec_h265std_encode.h">
      <Filter>src\third_party\vulkan\vk_video</Filter>
    </ClInclude>
    <ClInclude Include="src\third_party\vulkan\vk_video\vulkan_video_codecs_common.h">
      <Filter>src\third_party\vulkan\vk_video</Filter>
    </ClInclude>
    <ClInclude Include="src\third_party\tinyobjloader\tiny_obj_loader.h">
      <Filter>src\third_party\tinyobjloader</Filter>
    </ClInclude>
    <ClInclude Include="src\third_party\stb\stb_image.h">
      <Filter>src\third_party\stb</Filter>
    </ClInclude>
    <ClInclude Include="src\sm\core\types.h">
      <Filter>src\sm\core</Filter>
    </ClInclude>
    <ClInclude Include="src\sm\core\assert.h">
      <Filter>src\sm\core</Filter>
    </ClInclude>
    <ClInclude Include="src\sm\memory\arena.h">
      <Filter>src\sm\memory</Filter>
    </ClInclude>
    <ClInclude Include="src\sm\core\debug.h">
      <Filter>src\sm\core</Filter>
    </ClInclude>
    <ClInclude Include="src\sm\core\bits.h">
      <Filter>src\sm\core</Filter>
    </ClInclude>
    <ClInclude Include="src\sm\platform\win32\win32_include.h">
      <Filter>src\sm\platform\win32</Filter>
    </ClInclude>
    <ClInclude Include="src\sm\core\array.h">
      <Filter>src\sm\core</Filter>
    </ClInclude>
    <ClInclude Include="src\sm\core\string.h">
      <Filter>src\sm\core</Filter>
    </ClInclude>
    <ClInclude Include="src\sm\render\window.h">
      <Filter>src\sm\render</Filter>
    </ClInclude>
    <ClInclude Include="src\sm\platform\platform_handle.h">
      <Filter>src\sm\platform</Filter>
    </ClInclude>
    <ClInclude Include="src\sm\core\time.h">
      <Filter>src\sm\core</Filter>
    </ClInclude>
    <ClInclude Include="src\sm\config.h">
      <Filter>src\sm</Filter>
    </ClInclude>
    <ClInclude Include="src\sm\core\color.h">
      <Filter>src\sm\core</Filter>
    </ClInclude>
    <ClInclude Include="src\sm\thread\thread.h">
      <Filter>src\sm\thread</Filter>
    </ClInclude>
    <ClInclude Include="src\sm\io\file.h">
      <Filter>src\sm\io</Filter>
    </ClInclude>
    <ClInclude Include="src\sm\core\hash.h">
      <Filter>src\sm\core</Filter>
    </ClInclude>
    <ClInclude Include="src\sm\core\random.h">
      <Filter>src\sm\core</Filter>
    </ClInclude>
    <ClInclude Include="src\sm\core\helpers.h">
      <Filter>src\sm\core</Filter>
    </ClInclude>
    <ClInclude Include="src\sm\io\input.h">
      <Filter>src\sm\io</Filter>
    </ClInclude>
    <ClInclude Include="src\sm\math\vec2.h">
      <Filter>src\sm\math</Filter>
    </ClInclude>
    <ClInclude Include="src\sm\math\helpers.h">
      <Filter>src\sm\math</Filter>
    </ClInclude>
    <ClInclude Include="src\sm\math\vec3.h">
      <Filter>src\sm\math</Filter>
    </ClInclude>
    <ClInclude Include="src\sm\math\vec4.h">
      <Filter>src\sm\math</Filter>
    </ClInclude>
    <ClInclude Include="src\sm\math\ivec2.h">
      <Filter>src\sm\math</Filter>
    </ClInclude>
    <ClInclude Include="src\sm\math\mat44.h">
      <Filter>src\sm\math</Filter>
    </ClInclude>
    <ClInclude Include="src\sm\math\mat33.h">
      <Filter>src\sm\math</Filter>
    </ClInclude>
    <ClInclude Include="src\sm\render\shader_compiler.h">
      <Filter>src\sm\render</Filter>
    </ClInclude>
    <ClInclude Include="src\sm\render\vk_renderer.h">
      <Filter>src\sm\render</Filter>
    </ClInclude>
    <ClInclude Include="src\sm\render\vk_functions.h">
      <Filter>src\sm\render</Filter>
    </ClInclude>
    <ClInclude Include="src\sm\render\vk_include.h">
      <Filter>src\sm\render</Filter>
    </ClInclude>
    <ClInclude Include="src\sm\render\mesh.h">
      <Filter>src\sm\render</Filter>
    </ClInclude>
    <ClInclude Include="src\sm\render\camera.h">
      <Filter>src\sm\render</Filter>
    </ClInclude>
    <ClInclude Include="src\sm\render\ui.h">
      <Filter>src\sm\render</Filter>
    </ClInclude>
    <ClInclude Include="src\third_party\imgui\imgui_impl_vulkan.h">
      <Filter>src\third_party\imgui</Filter>
    </ClInclude>
    <ClInclude Include="src\third_party\imgui\imgui_impl_win32.h">
      <Filter>src\third_party\imgui</Filter>
    </ClInclude>
    <ClInclude Include="src\sm\app.h">
      <Filter>src\sm</Filter>
    </ClInclude>
  </ItemGroup>
  <ItemGroup>
    <None Include="src\third_party\imgui\vulkan\generate_spv.sh">
      <Filter>src\third_party\imgui\vulkan</Filter>
    </None>
    <None Include="src\third_party\imgui\vulkan\glsl_shader.frag">
      <Filter>src\third_party\imgui\vulkan</Filter>
    </None>
    <None Include="src\third_party\imgui\vulkan\glsl_shader.vert">
      <Filter>src\third_party\imgui\vulkan</Filter>
    </None>
    <None Include="src\third_party\vulkan\vulkan.cppm">
      <Filter>src\third_party\vulkan</Filter>
    </None>
    <None Include="src\sm\render\vk_functions_manifest.h">
      <Filter>src\sm\render</Filter>
    </None>
    <None Include="src\sm\platform\win32\render\win32_vk_functions_manifest.h">
      <Filter>src\sm\platform\win32\render</Filter>
    </None>
  </ItemGroup>
</Project>